
Microsoft Visual Studio Solution File, Format Version 12.00
# Visual Studio Version 17
VisualStudioVersion = 17.7.34009.444
MinimumVisualStudioVersion = 10.0.40219.1
Project("{FAE04EC0-301F-11D3-BF4B-00C04F79EFBC}") = "Somma listbox Matteo Sirotti", "Somma listbox Matteo Sirotti\Somma listbox Matteo Sirotti.csproj", "{8DB3733C-C846-4744-BB09-8CE27100BFC6}"
EndProject
Global
	GlobalSection(SolutionConfigurationPlatforms) = preSolution
		Debug|Any CPU = Debug|Any CPU
		Release|Any CPU = Release|Any CPU
	EndGlobalSection
	GlobalSection(ProjectConfigurationPlatforms) = postSolution
		{8DB3733C-C846-4744-BB09-8CE27100BFC6}.Debug|Any CPU.ActiveCfg = Debug|Any CPU
		{8DB3733C-C846-4744-BB09-8CE27100BFC6}.Debug|Any CPU.Build.0 = Debug|Any CPU
		{8DB3733C-C846-4744-BB09-8CE27100BFC6}.Release|Any CPU.ActiveCfg = Release|Any CPU
		{8DB3733C-C846-4744-BB09-8CE27100BFC6}.Release|Any CPU.Build.0 = Release|Any CPU
	EndGlobalSection
	GlobalSection(SolutionProperties) = preSolution
		HideSolutionNode = FALSE
	EndGlobalSection
	GlobalSection(ExtensibilityGlobals) = postSolution
		SolutionGuid = {8B2ED43D-130E-4A54-A89B-BD7BDB4BC454}
	EndGlobalSection
EndGlobal
